// !$*UTF8*$!
{
	archiveVersion = 1;
	classes = {
	};
	objectVersion = 56;
	objects = {

/* Begin PBXBuildFile section */
		04B4DF2F2D0EB9FEFB81C65C /* AmplifyModels.swift in Sources */ = {isa = PBXBuildFile; fileRef = CEE6B9FFCF2C1C0F22D48C84 /* AmplifyModels.swift */; };
		13EF389AB9D3C4B1DF2D5B50 /* Pass+Schema.swift in Sources */ = {isa = PBXBuildFile; fileRef = D5FE069A817365747DB244A2 /* Pass+Schema.swift */; };
		2562ECB629B36E2500CBBA2F /* Password_AppApp.swift in Sources */ = {isa = PBXBuildFile; fileRef = 2562ECB529B36E2500CBBA2F /* Password_AppApp.swift */; };
		2562ECB829B36E2500CBBA2F /* ContentView.swift in Sources */ = {isa = PBXBuildFile; fileRef = 2562ECB729B36E2500CBBA2F /* ContentView.swift */; };
		2562ECBA29B36E2600CBBA2F /* Assets.xcassets in Resources */ = {isa = PBXBuildFile; fileRef = 2562ECB929B36E2600CBBA2F /* Assets.xcassets */; };
		2562ECBD29B36E2600CBBA2F /* Preview Assets.xcassets in Resources */ = {isa = PBXBuildFile; fileRef = 2562ECBC29B36E2600CBBA2F /* Preview Assets.xcassets */; };
		25C660F329B36F93006C2871 /* AWSAPIPlugin in Frameworks */ = {isa = PBXBuildFile; productRef = 25C660F229B36F93006C2871 /* AWSAPIPlugin */; };
		25C660F529B36F93006C2871 /* AWSDataStorePlugin in Frameworks */ = {isa = PBXBuildFile; productRef = 25C660F429B36F93006C2871 /* AWSDataStorePlugin */; };
		25C660F729B36F93006C2871 /* Amplify in Frameworks */ = {isa = PBXBuildFile; productRef = 25C660F629B36F93006C2871 /* Amplify */; };
		25C6613029B61E6C006C2871 /* FaceAuth.swift in Sources */ = {isa = PBXBuildFile; fileRef = 25C6612F29B61E6C006C2871 /* FaceAuth.swift */; };
		4A068F3B926C5C511686BAE7 /* amplifyconfiguration.json in Resources */ = {isa = PBXBuildFile; fileRef = 15A269767418E50E8F7DFCE4 /* amplifyconfiguration.json */; };
		94593128D45A3838B67B3D3F /* awsconfiguration.json in Resources */ = {isa = PBXBuildFile; fileRef = 817B64AA10724CC268B719B0 /* awsconfiguration.json */; };
		D6CBA959BB24BE53DB72E5F7 /* Pass.swift in Sources */ = {isa = PBXBuildFile; fileRef = A1FE4A2794DEBB091707DDDC /* Pass.swift */; };
/* End PBXBuildFile section */

/* Begin PBXFileReference section */
		15A269767418E50E8F7DFCE4 /* amplifyconfiguration.json */ = {isa = PBXFileReference; explicitFileType = text.json; path = amplifyconfiguration.json; sourceTree = "<group>"; };
		2562ECB229B36E2500CBBA2F /* Password_App.app */ = {isa = PBXFileReference; explicitFileType = wrapper.application; includeInIndex = 0; path = Password_App.app; sourceTree = BUILT_PRODUCTS_DIR; };
		2562ECB529B36E2500CBBA2F /* Password_AppApp.swift */ = {isa = PBXFileReference; lastKnownFileType = sourcecode.swift; path = Password_AppApp.swift; sourceTree = "<group>"; };
		2562ECB729B36E2500CBBA2F /* ContentView.swift */ = {isa = PBXFileReference; lastKnownFileType = sourcecode.swift; path = ContentView.swift; sourceTree = "<group>"; };
		2562ECB929B36E2600CBBA2F /* Assets.xcassets */ = {isa = PBXFileReference; lastKnownFileType = folder.assetcatalog; path = Assets.xcassets; sourceTree = "<group>"; };
		2562ECBC29B36E2600CBBA2F /* Preview Assets.xcassets */ = {isa = PBXFileReference; lastKnownFileType = folder.assetcatalog; path = "Preview Assets.xcassets"; sourceTree = "<group>"; };
		25C6612F29B61E6C006C2871 /* FaceAuth.swift */ = {isa = PBXFileReference; lastKnownFileType = sourcecode.swift; path = FaceAuth.swift; sourceTree = "<group>"; };
		817B64AA10724CC268B719B0 /* awsconfiguration.json */ = {isa = PBXFileReference; explicitFileType = text.json; path = awsconfiguration.json; sourceTree = "<group>"; };
		A1FE4A2794DEBB091707DDDC /* Pass.swift */ = {isa = PBXFileReference; explicitFileType = sourcecode.swift; name = Pass.swift; path = amplify/generated/models/Pass.swift; sourceTree = "<group>"; };
		CEE6B9FFCF2C1C0F22D48C84 /* AmplifyModels.swift */ = {isa = PBXFileReference; explicitFileType = sourcecode.swift; name = AmplifyModels.swift; path = amplify/generated/models/AmplifyModels.swift; sourceTree = "<group>"; };
		D5FE069A817365747DB244A2 /* Pass+Schema.swift */ = {isa = PBXFileReference; explicitFileType = sourcecode.swift; name = "Pass+Schema.swift"; path = "amplify/generated/models/Pass+Schema.swift"; sourceTree = "<group>"; };
/* End PBXFileReference section */

/* Begin PBXFrameworksBuildPhase section */
		2562ECAF29B36E2500CBBA2F /* Frameworks */ = {
			isa = PBXFrameworksBuildPhase;
			buildActionMask = 2147483647;
			files = (
				25C660F729B36F93006C2871 /* Amplify in Frameworks */,
				25C660F329B36F93006C2871 /* AWSAPIPlugin in Frameworks */,
				25C660F529B36F93006C2871 /* AWSDataStorePlugin in Frameworks */,
			);
			runOnlyForDeploymentPostprocessing = 0;
		};
/* End PBXFrameworksBuildPhase section */

/* Begin PBXGroup section */
		105441AF32A86F35886DAB47 /* AmplifyModels */ = {
			isa = PBXGroup;
			children = (
				CEE6B9FFCF2C1C0F22D48C84 /* AmplifyModels.swift */,
				D5FE069A817365747DB244A2 /* Pass+Schema.swift */,
				A1FE4A2794DEBB091707DDDC /* Pass.swift */,
			);
			name = AmplifyModels;
			sourceTree = "<group>";
		};
		2562ECA929B36E2500CBBA2F = {
			isa = PBXGroup;
			children = (
				2562ECB429B36E2500CBBA2F /* Password_App */,
				2562ECB329B36E2500CBBA2F /* Products */,
				CDAF9AD0F603B7B62BECD0C5 /* AmplifyConfig */,
				105441AF32A86F35886DAB47 /* AmplifyModels */,
			);
			sourceTree = "<group>";
		};
		2562ECB329B36E2500CBBA2F /* Products */ = {
			isa = PBXGroup;
			children = (
				2562ECB229B36E2500CBBA2F /* Password_App.app */,
			);
			name = Products;
			sourceTree = "<group>";
		};
		2562ECB429B36E2500CBBA2F /* Password_App */ = {
			isa = PBXGroup;
			children = (
				2562ECB529B36E2500CBBA2F /* Password_AppApp.swift */,
				2562ECB729B36E2500CBBA2F /* ContentView.swift */,
				25C6612F29B61E6C006C2871 /* FaceAuth.swift */,
				2562ECB929B36E2600CBBA2F /* Assets.xcassets */,
				2562ECBB29B36E2600CBBA2F /* Preview Content */,
			);
			path = Password_App;
			sourceTree = "<group>";
		};
		2562ECBB29B36E2600CBBA2F /* Preview Content */ = {
			isa = PBXGroup;
			children = (
				2562ECBC29B36E2600CBBA2F /* Preview Assets.xcassets */,
			);
			path = "Preview Content";
			sourceTree = "<group>";
		};
		CDAF9AD0F603B7B62BECD0C5 /* AmplifyConfig */ = {
			isa = PBXGroup;
			children = (
				817B64AA10724CC268B719B0 /* awsconfiguration.json */,
				15A269767418E50E8F7DFCE4 /* amplifyconfiguration.json */,
			);
			name = AmplifyConfig;
			sourceTree = "<group>";
		};
/* End PBXGroup section */

/* Begin PBXNativeTarget section */
		2562ECB129B36E2500CBBA2F /* Password_App */ = {
			isa = PBXNativeTarget;
			buildConfigurationList = 2562ECC029B36E2600CBBA2F /* Build configuration list for PBXNativeTarget "Password_App" */;
			buildPhases = (
				2562ECAE29B36E2500CBBA2F /* Sources */,
				2562ECAF29B36E2500CBBA2F /* Frameworks */,
				2562ECB029B36E2500CBBA2F /* Resources */,
			);
			buildRules = (
			);
			dependencies = (
			);
			name = Password_App;
			packageProductDependencies = (
				25C660F229B36F93006C2871 /* AWSAPIPlugin */,
				25C660F429B36F93006C2871 /* AWSDataStorePlugin */,
				25C660F629B36F93006C2871 /* Amplify */,
			);
			productName = Password_App;
			productReference = 2562ECB229B36E2500CBBA2F /* Password_App.app */;
			productType = "com.apple.product-type.application";
		};
/* End PBXNativeTarget section */

/* Begin PBXProject section */
		2562ECAA29B36E2500CBBA2F /* Project object */ = {
			isa = PBXProject;
			attributes = {
				BuildIndependentTargetsInParallel = 1;
				LastSwiftUpdateCheck = 1420;
				LastUpgradeCheck = 1420;
				TargetAttributes = {
					2562ECB129B36E2500CBBA2F = {
						CreatedOnToolsVersion = 14.2;
					};
				};
			};
			buildConfigurationList = 2562ECAD29B36E2500CBBA2F /* Build configuration list for PBXProject "Password_App" */;
			compatibilityVersion = "Xcode 14.0";
			developmentRegion = en;
			hasScannedForEncodings = 0;
			knownRegions = (
				en,
				Base,
			);
			mainGroup = 2562ECA929B36E2500CBBA2F;
			packageReferences = (
				25C660F129B36F93006C2871 /* XCRemoteSwiftPackageReference "amplify-swift" */,
			);
			productRefGroup = 2562ECB329B36E2500CBBA2F /* Products */;
			projectDirPath = "";
			projectRoot = "";
			targets = (
				2562ECB129B36E2500CBBA2F /* Password_App */,
			);
		};
/* End PBXProject section */

/* Begin PBXResourcesBuildPhase section */
		2562ECB029B36E2500CBBA2F /* Resources */ = {
			isa = PBXResourcesBuildPhase;
			buildActionMask = 2147483647;
			files = (
				2562ECBD29B36E2600CBBA2F /* Preview Assets.xcassets in Resources */,
				2562ECBA29B36E2600CBBA2F /* Assets.xcassets in Resources */,
				94593128D45A3838B67B3D3F /* awsconfiguration.json in Resources */,
				4A068F3B926C5C511686BAE7 /* amplifyconfiguration.json in Resources */,
			);
			runOnlyForDeploymentPostprocessing = 0;
		};
/* End PBXResourcesBuildPhase section */

/* Begin PBXSourcesBuildPhase section */
		2562ECAE29B36E2500CBBA2F /* Sources */ = {
			isa = PBXSourcesBuildPhase;
			buildActionMask = 2147483647;
			files = (
				2562ECB829B36E2500CBBA2F /* ContentView.swift in Sources */,
				2562ECB629B36E2500CBBA2F /* Password_AppApp.swift in Sources */,
				04B4DF2F2D0EB9FEFB81C65C /* AmplifyModels.swift in Sources */,
				13EF389AB9D3C4B1DF2D5B50 /* Pass+Schema.swift in Sources */,
				25C6613029B61E6C006C2871 /* FaceAuth.swift in Sources */,
				D6CBA959BB24BE53DB72E5F7 /* Pass.swift in Sources */,
			);
			runOnlyForDeploymentPostprocessing = 0;
		};
/* End PBXSourcesBuildPhase section */

/* Begin XCBuildConfiguration section */
		2562ECBE29B36E2600CBBA2F /* Debug */ = {
			isa = XCBuildConfiguration;
			buildSettings = {
				ALWAYS_SEARCH_USER_PATHS = NO;
				CLANG_ANALYZER_NONNULL = YES;
				CLANG_ANALYZER_NUMBER_OBJECT_CONVERSION = YES_AGGRESSIVE;
				CLANG_CXX_LANGUAGE_STANDARD = "gnu++20";
				CLANG_ENABLE_MODULES = YES;
				CLANG_ENABLE_OBJC_ARC = YES;
				CLANG_ENABLE_OBJC_WEAK = YES;
				CLANG_WARN_BLOCK_CAPTURE_AUTORELEASING = YES;
				CLANG_WARN_BOOL_CONVERSION = YES;
				CLANG_WARN_COMMA = YES;
				CLANG_WARN_CONSTANT_CONVERSION = YES;
				CLANG_WARN_DEPRECATED_OBJC_IMPLEMENTATIONS = YES;
				CLANG_WARN_DIRECT_OBJC_ISA_USAGE = YES_ERROR;
				CLANG_WARN_DOCUMENTATION_COMMENTS = YES;
				CLANG_WARN_EMPTY_BODY = YES;
				CLANG_WARN_ENUM_CONVERSION = YES;
				CLANG_WARN_INFINITE_RECURSION = YES;
				CLANG_WARN_INT_CONVERSION = YES;
				CLANG_WARN_NON_LITERAL_NULL_CONVERSION = YES;
				CLANG_WARN_OBJC_IMPLICIT_RETAIN_SELF = YES;
				CLANG_WARN_OBJC_LITERAL_CONVERSION = YES;
				CLANG_WARN_OBJC_ROOT_CLASS = YES_ERROR;
				CLANG_WARN_QUOTED_INCLUDE_IN_FRAMEWORK_HEADER = YES;
				CLANG_WARN_RANGE_LOOP_ANALYSIS = YES;
				CLANG_WARN_STRICT_PROTOTYPES = YES;
				CLANG_WARN_SUSPICIOUS_MOVE = YES;
				CLANG_WARN_UNGUARDED_AVAILABILITY = YES_AGGRESSIVE;
				CLANG_WARN_UNREACHABLE_CODE = YES;
				CLANG_WARN__DUPLICATE_METHOD_MATCH = YES;
				COPY_PHASE_STRIP = NO;
				DEBUG_INFORMATION_FORMAT = dwarf;
				ENABLE_STRICT_OBJC_MSGSEND = YES;
				ENABLE_TESTABILITY = YES;
				GCC_C_LANGUAGE_STANDARD = gnu11;
				GCC_DYNAMIC_NO_PIC = NO;
				GCC_NO_COMMON_BLOCKS = YES;
				GCC_OPTIMIZATION_LEVEL = 0;
				GCC_PREPROCESSOR_DEFINITIONS = (
					"DEBUG=1",
					"$(inherited)",
				);
				GCC_WARN_64_TO_32_BIT_CONVERSION = YES;
				GCC_WARN_ABOUT_RETURN_TYPE = YES_ERROR;
				GCC_WARN_UNDECLARED_SELECTOR = YES;
				GCC_WARN_UNINITIALIZED_AUTOS = YES_AGGRESSIVE;
				GCC_WARN_UNUSED_FUNCTION = YES;
				GCC_WARN_UNUSED_VARIABLE = YES;
				IPHONEOS_DEPLOYMENT_TARGET = 16.0;
				MTL_ENABLE_DEBUG_INFO = INCLUDE_SOURCE;
				MTL_FAST_MATH = YES;
				ONLY_ACTIVE_ARCH = YES;
				SDKROOT = iphoneos;
				SWIFT_ACTIVE_COMPILATION_CONDITIONS = DEBUG;
				SWIFT_OPTIMIZATION_LEVEL = "-Onone";
			};
			name = Debug;
		};
		2562ECBF29B36E2600CBBA2F /* Release */ = {
			isa = XCBuildConfiguration;
			buildSettings = {
				ALWAYS_SEARCH_USER_PATHS = NO;
				CLANG_ANALYZER_NONNULL = YES;
				CLANG_ANALYZER_NUMBER_OBJECT_CONVERSION = YES_AGGRESSIVE;
				CLANG_CXX_LANGUAGE_STANDARD = "gnu++20";
				CLANG_ENABLE_MODULES = YES;
				CLANG_ENABLE_OBJC_ARC = YES;
				CLANG_ENABLE_OBJC_WEAK = YES;
				CLANG_WARN_BLOCK_CAPTURE_AUTORELEASING = YES;
				CLANG_WARN_BOOL_CONVERSION = YES;
				CLANG_WARN_COMMA = YES;
				CLANG_WARN_CONSTANT_CONVERSION = YES;
				CLANG_WARN_DEPRECATED_OBJC_IMPLEMENTATIONS = YES;
				CLANG_WARN_DIRECT_OBJC_ISA_USAGE = YES_ERROR;
				CLANG_WARN_DOCUMENTATION_COMMENTS = YES;
				CLANG_WARN_EMPTY_BODY = YES;
				CLANG_WARN_ENUM_CONVERSION = YES;
				CLANG_WARN_INFINITE_RECURSION = YES;
				CLANG_WARN_INT_CONVERSION = YES;
				CLANG_WARN_NON_LITERAL_NULL_CONVERSION = YES;
				CLANG_WARN_OBJC_IMPLICIT_RETAIN_SELF = YES;
				CLANG_WARN_OBJC_LITERAL_CONVERSION = YES;
				CLANG_WARN_OBJC_ROOT_CLASS = YES_ERROR;
				CLANG_WARN_QUOTED_INCLUDE_IN_FRAMEWORK_HEADER = YES;
				CLANG_WARN_RANGE_LOOP_ANALYSIS = YES;
				CLANG_WARN_STRICT_PROTOTYPES = YES;
				CLANG_WARN_SUSPICIOUS_MOVE = YES;
				CLANG_WARN_UNGUARDED_AVAILABILITY = YES_AGGRESSIVE;
				CLANG_WARN_UNREACHABLE_CODE = YES;
				CLANG_WARN__DUPLICATE_METHOD_MATCH = YES;
				COPY_PHASE_STRIP = NO;
				DEBUG_INFORMATION_FORMAT = "dwarf-with-dsym";
				ENABLE_NS_ASSERTIONS = NO;
				ENABLE_STRICT_OBJC_MSGSEND = YES;
				GCC_C_LANGUAGE_STANDARD = gnu11;
				GCC_NO_COMMON_BLOCKS = YES;
				GCC_WARN_64_TO_32_BIT_CONVERSION = YES;
				GCC_WARN_ABOUT_RETURN_TYPE = YES_ERROR;
				GCC_WARN_UNDECLARED_SELECTOR = YES;
				GCC_WARN_UNINITIALIZED_AUTOS = YES_AGGRESSIVE;
				GCC_WARN_UNUSED_FUNCTION = YES;
				GCC_WARN_UNUSED_VARIABLE = YES;
				IPHONEOS_DEPLOYMENT_TARGET = 16.0;
				MTL_ENABLE_DEBUG_INFO = NO;
				MTL_FAST_MATH = YES;
				SDKROOT = iphoneos;
				SWIFT_COMPILATION_MODE = wholemodule;
				SWIFT_OPTIMIZATION_LEVEL = "-O";
				VALIDATE_PRODUCT = YES;
			};
			name = Release;
		};
		2562ECC129B36E2600CBBA2F /* Debug */ = {
			isa = XCBuildConfiguration;
			buildSettings = {
				ASSETCATALOG_COMPILER_APPICON_NAME = AppIcon;
				ASSETCATALOG_COMPILER_GLOBAL_ACCENT_COLOR_NAME = AccentColor;
				CODE_SIGN_STYLE = Automatic;
				CURRENT_PROJECT_VERSION = 1;
				DEVELOPMENT_ASSET_PATHS = "\"Password_App/Preview Content\"";
				DEVELOPMENT_TEAM = KLYYV2TG48;
				ENABLE_PREVIEWS = YES;
				GENERATE_INFOPLIST_FILE = YES;
				INFOPLIST_KEY_NSFaceIDUsageDescription = "";
				INFOPLIST_KEY_UIApplicationSceneManifest_Generation = YES;
				INFOPLIST_KEY_UIApplicationSupportsIndirectInputEvents = YES;
				INFOPLIST_KEY_UILaunchScreen_Generation = YES;
				INFOPLIST_KEY_UISupportedInterfaceOrientations_iPad = "UIInterfaceOrientationPortrait UIInterfaceOrientationPortraitUpsideDown UIInterfaceOrientationLandscapeLeft UIInterfaceOrientationLandscapeRight";
				INFOPLIST_KEY_UISupportedInterfaceOrientations_iPhone = "UIInterfaceOrientationPortrait UIInterfaceOrientationLandscapeLeft UIInterfaceOrientationLandscapeRight";
				LD_RUNPATH_SEARCH_PATHS = (
					"$(inherited)",
					"@executable_path/Frameworks",
				);
				MARKETING_VERSION = 1.0;
				PRODUCT_BUNDLE_IDENTIFIER = "com.example.Password-App";
				PRODUCT_NAME = "$(TARGET_NAME)";
				SWIFT_EMIT_LOC_STRINGS = YES;
				SWIFT_VERSION = 5.0;
				TARGETED_DEVICE_FAMILY = "1,2";
			};
			name = Debug;
		};
		2562ECC229B36E2600CBBA2F /* Release */ = {
			isa = XCBuildConfiguration;
			buildSettings = {
				ASSETCATALOG_COMPILER_APPICON_NAME = AppIcon;
				ASSETCATALOG_COMPILER_GLOBAL_ACCENT_COLOR_NAME = AccentColor;
				CODE_SIGN_STYLE = Automatic;
				CURRENT_PROJECT_VERSION = 1;
				DEVELOPMENT_ASSET_PATHS = "\"Password_App/Preview Content\"";
				DEVELOPMENT_TEAM = KLYYV2TG48;
				ENABLE_PREVIEWS = YES;
				GENERATE_INFOPLIST_FILE = YES;
				INFOPLIST_KEY_NSFaceIDUsageDescription = "";
				INFOPLIST_KEY_UIApplicationSceneManifest_Generation = YES;
				INFOPLIST_KEY_UIApplicationSupportsIndirectInputEvents = YES;
				INFOPLIST_KEY_UILaunchScreen_Generation = YES;
				INFOPLIST_KEY_UISupportedInterfaceOrientations_iPad = "UIInterfaceOrientationPortrait UIInterfaceOrientationPortraitUpsideDown UIInterfaceOrientationLandscapeLeft UIInterfaceOrientationLandscapeRight";
				INFOPLIST_KEY_UISupportedInterfaceOrientations_iPhone = "UIInterfaceOrientationPortrait UIInterfaceOrientationLandscapeLeft UIInterfaceOrientationLandscapeRight";
				LD_RUNPATH_SEARCH_PATHS = (
					"$(inherited)",
					"@executable_path/Frameworks",
				);
				MARKETING_VERSION = 1.0;
				PRODUCT_BUNDLE_IDENTIFIER = "com.example.Password-App";
				PRODUCT_NAME = "$(TARGET_NAME)";
				SWIFT_EMIT_LOC_STRINGS = YES;
				SWIFT_VERSION = 5.0;
				TARGETED_DEVICE_FAMILY = "1,2";
			};
			name = Release;
		};
/* End XCBuildConfiguration section */

/* Begin XCConfigurationList section */
		2562ECAD29B36E2500CBBA2F /* Build configuration list for PBXProject "Password_App" */ = {
			isa = XCConfigurationList;
			buildConfigurations = (
				2562ECBE29B36E2600CBBA2F /* Debug */,
				2562ECBF29B36E2600CBBA2F /* Release */,
			);
			defaultConfigurationIsVisible = 0;
			defaultConfigurationName = Release;
		};
		2562ECC029B36E2600CBBA2F /* Build configuration list for PBXNativeTarget "Password_App" */ = {
			isa = XCConfigurationList;
			buildConfigurations = (
				2562ECC129B36E2600CBBA2F /* Debug */,
				2562ECC229B36E2600CBBA2F /* Release */,
			);
			defaultConfigurationIsVisible = 0;
			defaultConfigurationName = Release;
		};
/* End XCConfigurationList section */

/* Begin XCRemoteSwiftPackageReference section */
		25C660F129B36F93006C2871 /* XCRemoteSwiftPackageReference "amplify-swift" */ = {
			isa = XCRemoteSwiftPackageReference;
			repositoryURL = "https://github.com/aws-amplify/amplify-swift";
			requirement = {
				kind = upToNextMajorVersion;
				minimumVersion = 2.0.0;
			};
		};
/* End XCRemoteSwiftPackageReference section */

/* Begin XCSwiftPackageProductDependency section */
		25C660F229B36F93006C2871 /* AWSAPIPlugin */ = {
			isa = XCSwiftPackageProductDependency;
			package = 25C660F129B36F93006C2871 /* XCRemoteSwiftPackageReference "amplify-swift" */;
			productName = AWSAPIPlugin;
		};
		25C660F429B36F93006C2871 /* AWSDataStorePlugin */ = {
			isa = XCSwiftPackageProductDependency;
			package = 25C660F129B36F93006C2871 /* XCRemoteSwiftPackageReference "amplify-swift" */;
			productName = AWSDataStorePlugin;
		};
		25C660F629B36F93006C2871 /* Amplify */ = {
			isa = XCSwiftPackageProductDependency;
			package = 25C660F129B36F93006C2871 /* XCRemoteSwiftPackageReference "amplify-swift" */;
			productName = Amplify;
		};
/* End XCSwiftPackageProductDependency section */
	};
	rootObject = 2562ECAA29B36E2500CBBA2F /* Project object */;
}
